lockfileVersion: 5.4

importers:

  .:
    specifiers:
      prettier: ^2.8.4
    devDependencies:
      prettier: 2.8.4

  packages/init:
    specifiers:
      '@types/express': ^4.17.17
      '@types/node': ^18.13.0
      express: ^4.18.2
      tsx: ^3.12.3
      typescript: ^4.9.5
    devDependencies:
      '@types/express': 4.17.17
      '@types/node': 18.13.0
      express: 4.18.2
      tsx: 3.12.3
      typescript: 4.9.5

packages:

  /@esbuild-kit/cjs-loader/2.4.2:
    resolution: {integrity: sha1-y03eAPv3RKaMTyAWLqFagkLQ+lQ=}
    dependencies:
      '@esbuild-kit/core-utils': 3.1.0
      get-tsconfig: 4.4.0
    dev: true

  /@esbuild-kit/core-utils/3.1.0:
    resolution: {integrity: sha1-SZRdUz29Xht2IKoPxSLBXm7AicU=}
    dependencies:
      esbuild: 0.17.8
      source-map-support: 0.5.21
    dev: true

  /@esbuild-kit/esm-loader/2.5.5:
    resolution: {integrity: sha1-uC2hT87j/B0hmGl1bAb0P2fRynE=}
    dependencies:
      '@esbuild-kit/core-utils': 3.1.0
      get-tsconfig: 4.4.0
    dev: true

  /@esbuild/android-arm/0.17.8:
    resolution: {integrity: sha1-xB5JavVB4XU2nUgWTQzwGl9lbPY=}
    engines: {node: '>=12'}
    cpu: [arm]
    os: [android]
    requiresBuild: true
    dev: true
    optional: true

  /@esbuild/android-arm64/0.17.8:
    resolution: {integrity: sha1-s9W2WjsuBzpsfuNrHzwwyPAAMVs=}
    engines: {node: '>=12'}
    cpu: [arm64]
    os: [android]
    requiresBuild: true
    dev: true
    optional: true

  /@esbuild/android-x64/0.17.8:
    resolution: {integrity: sha1-CA+mfCm+d/Wjyl7kzHjVv5J+Ojs=}
    engines: {node: '>=12'}
    cpu: [x64]
    os: [android]
    requiresBuild: true
    dev: true
    optional: true

  /@esbuild/darwin-arm64/0.17.8:
    resolution: {integrity: sha1-BTYiv5qC9D1cB1t4GOAmGPe0o5c=}
    engines: {node: '>=12'}
    cpu: [arm64]
    os: [darwin]
    requiresBuild: true
    dev: true
    optional: true

  /@esbuild/darwin-x64/0.17.8:
    resolution: {integrity: sha1-ihqts1jVN9jvrYF7saW/+RuEc0s=}
    engines: {node: '>=12'}
    cpu: [x64]
    os: [darwin]
    requiresBuild: true
    dev: true
    optional: true

  /@esbuild/freebsd-arm64/0.17.8:
    resolution: {integrity: sha1-5nONAIG6ByGlxsZ06Exuf86mGYk=}
    engines: {node: '>=12'}
    cpu: [arm64]
    os: [freebsd]
    requiresBuild: true
    dev: true
    optional: true

  /@esbuild/freebsd-x64/0.17.8:
    resolution: {integrity: sha1-GFXlYvK3MPRIP26UCG6eJZf+tMM=}
    engines: {node: '>=12'}
    cpu: [x64]
    os: [freebsd]
    requiresBuild: true
    dev: true
    optional: true

  /@esbuild/linux-arm/0.17.8:
    resolution: {integrity: sha1-GBJwcrJwu2MhxtEb4gv9MODWrRc=}
    engines: {node: '>=12'}
    cpu: [arm]
    os: [linux]
    requiresBuild: true
    dev: true
    optional: true

  /@esbuild/linux-arm64/0.17.8:
    resolution: {integrity: sha1-SB2jiVJyGj/bd8F6Ns6qzEJwtcU=}
    engines: {node: '>=12'}
    cpu: [arm64]
    os: [linux]
    requiresBuild: true
    dev: true
    optional: true

  /@esbuild/linux-ia32/0.17.8:
    resolution: {integrity: sha1-7kAK97O8aejKLlk8o1FW/7mr1U8=}
    engines: {node: '>=12'}
    cpu: [ia32]
    os: [linux]
    requiresBuild: true
    dev: true
    optional: true

  /@esbuild/linux-loong64/0.17.8:
    resolution: {integrity: sha1-jFCdikVGk9OYJLg7P2bEAIcvzoI=}
    engines: {node: '>=12'}
    cpu: [loong64]
    os: [linux]
    requiresBuild: true
    dev: true
    optional: true

  /@esbuild/linux-mips64el/0.17.8:
    resolution: {integrity: sha1-8rDTbmP7Jrw/lbIDtqgGOCkhAco=}
    engines: {node: '>=12'}
    cpu: [mips64el]
    os: [linux]
    requiresBuild: true
    dev: true
    optional: true

  /@esbuild/linux-ppc64/0.17.8:
    resolution: {integrity: sha1-HmKL4APgNukEI3FgKMyIT+W6Jb0=}
    engines: {node: '>=12'}
    cpu: [ppc64]
    os: [linux]
    requiresBuild: true
    dev: true
    optional: true

  /@esbuild/linux-riscv64/0.17.8:
    resolution: {integrity: sha1-QZqBXLTD+58beO9SlfW0i4v2Qno=}
    engines: {node: '>=12'}
    cpu: [riscv64]
    os: [linux]
    requiresBuild: true
    dev: true
    optional: true

  /@esbuild/linux-s390x/0.17.8:
    resolution: {integrity: sha1-KRxJrlw9EdImNSdVwINZEf4anlw=}
    engines: {node: '>=12'}
    cpu: [s390x]
    os: [linux]
    requiresBuild: true
    dev: true
    optional: true

  /@esbuild/linux-x64/0.17.8:
    resolution: {integrity: sha1-Axmdkcdvr4C9VBBPXL8KSJvDn2o=}
    engines: {node: '>=12'}
    cpu: [x64]
    os: [linux]
    requiresBuild: true
    dev: true
    optional: true

  /@esbuild/netbsd-x64/0.17.8:
    resolution: {integrity: sha1-tDbXZ+GyGFL57SEuK7V/dyA7CuI=}
    engines: {node: '>=12'}
    cpu: [x64]
    os: [netbsd]
    requiresBuild: true
    dev: true
    optional: true

  /@esbuild/openbsd-x64/0.17.8:
    resolution: {integrity: sha1-0UgdhTniHUcpzQSgRQomwsh4nok=}
    engines: {node: '>=12'}
    cpu: [x64]
    os: [openbsd]
    requiresBuild: true
    dev: true
    optional: true

  /@esbuild/sunos-x64/0.17.8:
    resolution: {integrity: sha1-LPuBJuB5ssAP0b8JVUHp9cR4d+Q=}
    engines: {node: '>=12'}
    cpu: [x64]
    os: [sunos]
    requiresBuild: true
    dev: true
    optional: true

  /@esbuild/win32-arm64/0.17.8:
    resolution: {integrity: sha1-fG7P0JfKI7ghGXU79wcruu/lHjo=}
    engines: {node: '>=12'}
    cpu: [arm64]
    os: [win32]
    requiresBuild: true
    dev: true
    optional: true

  /@esbuild/win32-ia32/0.17.8:
    resolution: {integrity: sha1-z/7GPDyw74VjoE304J+nEFYXHQA=}
    engines: {node: '>=12'}
    cpu: [ia32]
    os: [win32]
    requiresBuild: true
    dev: true
    optional: true

  /@esbuild/win32-x64/0.17.8:
    resolution: {integrity: sha1-IAoJZc9lSsKLlxNY7NypzFtEwzU=}
    engines: {node: '>=12'}
    cpu: [x64]
    os: [win32]
    requiresBuild: true
    dev: true
    optional: true

  /@types/body-parser/1.19.2:
    resolution: {integrity: sha1-rqIFnii3ZYY5CBNHrE+rPeFm5vA=}
    dependencies:
      '@types/connect': 3.4.35
      '@types/node': 18.13.0
    dev: true

  /@types/connect/3.4.35:
    resolution: {integrity: sha1-X89q5EXkAh0fwiGaSHPMc6O7KtE=}
    dependencies:
      '@types/node': 18.13.0
    dev: true

  /@types/express-serve-static-core/4.17.33:
    resolution: {integrity: sha1-3jXTCp1jfcFFCtGN1YPXXVcz1UM=}
    dependencies:
      '@types/node': 18.13.0
      '@types/qs': 6.9.7
      '@types/range-parser': 1.2.4
    dev: true

  /@types/express/4.17.17:
    resolution: {integrity: sha1-AdVDf275z6hmjmFuE8LyrJpJGuQ=}
    dependencies:
      '@types/body-parser': 1.19.2
      '@types/express-serve-static-core': 4.17.33
      '@types/qs': 6.9.7
      '@types/serve-static': 1.15.0
    dev: true

  /@types/mime/3.0.1:
    resolution: {integrity: sha1-X48rygpYY8tpvAsKzYjJbLHUrhA=}
    dev: true

  /@types/node/18.13.0:
    resolution: {integrity: sha1-BADR5s6H6dMDLBnrbFggWw0/eFA=}
    dev: true

  /@types/qs/6.9.7:
    resolution: {integrity: sha1-Y7t9Bn2xB8weRXwwO8JdUR/r9ss=}
    dev: true

  /@types/range-parser/1.2.4:
    resolution: {integrity: sha1-zWZ7z90CUhOq+3ylkVqTJZCs3Nw=}
    dev: true

  /@types/serve-static/1.15.0:
    resolution: {integrity: sha1-x5MP9hr7M04SGp2ngKrA2bjzQVU=}
    dependencies:
      '@types/mime': 3.0.1
      '@types/node': 18.13.0
    dev: true

  /accepts/1.3.8:
    resolution: {integrity: sha1-C/C+EltnAUrcsLCSHmLbe//hay4=}
    engines: {node: '>= 0.6'}
    dependencies:
      mime-types: 2.1.35
      negotiator: 0.6.3
    dev: true

  /array-flatten/1.1.1:
    resolution: {integrity: sha1-ml9pkFGx5wczKPKgCJaLZOopVdI=}
    dev: true

  /body-parser/1.20.1:
    resolution: {integrity: sha1-sYEqiRLBlc03Gj7l5m+qIzilxmg=}
    engines: {node: '>= 0.8', npm: 1.2.8000 || >= 1.4.16}
    dependencies:
      bytes: 3.1.2
      content-type: 1.0.5
      debug: 2.6.9
      depd: 2.0.0
      destroy: 1.2.0
      http-errors: 2.0.0
      iconv-lite: 0.4.24
      on-finished: 2.4.1
      qs: 6.11.0
      raw-body: 2.5.1
      type-is: 1.6.18
      unpipe: 1.0.0
    transitivePeerDependencies:
      - supports-color
    dev: true

  /buffer-from/1.1.2:
    resolution: {integrity: sha1-KxRqb9cugLT1XSVfNe1Zo6mkG9U=}
    dev: true

  /bytes/3.1.2:
    resolution: {integrity: sha1-iwvuuYYFrfGxKPpDhkA8AJ4CIaU=}
    engines: {node: '>= 0.8'}
    dev: true

  /call-bind/1.0.2:
    resolution: {integrity: sha1-sdTonmiBGcPJqQOtMKuy9qkZvjw=}
    dependencies:
      function-bind: 1.1.1
      get-intrinsic: 1.2.0
    dev: true

  /content-disposition/0.5.4:
    resolution: {integrity: sha1-i4K076yCUSoCuwsdzsnSxejrW/4=}
    engines: {node: '>= 0.6'}
    dependencies:
      safe-buffer: 5.2.1
    dev: true

  /content-type/1.0.5:
    resolution: {integrity: sha1-i3cxYmVtHRCGeEyPI6VM5tc9eRg=}
    engines: {node: '>= 0.6'}
    dev: true

  /cookie-signature/1.0.6:
    resolution: {integrity: sha1-4wOogrNCzD7oylE6eZmXNNqzriw=}
    dev: true

  /cookie/0.5.0:
    resolution: {integrity: sha1-0fXXGt7GVYxY84mYfDZqpH6ZT4s=}
    engines: {node: '>= 0.6'}
    dev: true

  /debug/2.6.9:
    resolution: {integrity: sha1-XRKFFd8TT/Mn6QpMk/Tgd6U2NB8=}
    peerDependencies:
      supports-color: '*'
    peerDependenciesMeta:
      supports-color:
        optional: true
    dependencies:
      ms: 2.0.0
    dev: true

  /depd/2.0.0:
    resolution: {integrity: sha1-tpYWPMdXVg0JzyLMj60Vcbeedt8=}
    engines: {node: '>= 0.8'}
    dev: true

  /destroy/1.2.0:
    resolution: {integrity: sha1-SANzVQmti+VSk0xn32FPlOZvoBU=}
    engines: {node: '>= 0.8', npm: 1.2.8000 || >= 1.4.16}
    dev: true

  /ee-first/1.1.1:
    resolution: {integrity: sha1-WQxhFWsK4vTwJVcyoViyZrxWsh0=}
    dev: true

  /encodeurl/1.0.2:
    resolution: {integrity: sha1-rT/0yG7C0CkyL1oCw6mmBslbP1k=}
    engines: {node: '>= 0.8'}
    dev: true

  /esbuild/0.17.8:
    resolution: {integrity: sha1-9/eZq8fNzj8PLj4MAfEg1NVRk7Q=}
    engines: {node: '>=12'}
    hasBin: true
    requiresBuild: true
    optionalDependencies:
      '@esbuild/android-arm': 0.17.8
      '@esbuild/android-arm64': 0.17.8
      '@esbuild/android-x64': 0.17.8
      '@esbuild/darwin-arm64': 0.17.8
      '@esbuild/darwin-x64': 0.17.8
      '@esbuild/freebsd-arm64': 0.17.8
      '@esbuild/freebsd-x64': 0.17.8
      '@esbuild/linux-arm': 0.17.8
      '@esbuild/linux-arm64': 0.17.8
      '@esbuild/linux-ia32': 0.17.8
      '@esbuild/linux-loong64': 0.17.8
      '@esbuild/linux-mips64el': 0.17.8
      '@esbuild/linux-ppc64': 0.17.8
      '@esbuild/linux-riscv64': 0.17.8
      '@esbuild/linux-s390x': 0.17.8
      '@esbuild/linux-x64': 0.17.8
      '@esbuild/netbsd-x64': 0.17.8
      '@esbuild/openbsd-x64': 0.17.8
      '@esbuild/sunos-x64': 0.17.8
      '@esbuild/win32-arm64': 0.17.8
      '@esbuild/win32-ia32': 0.17.8
      '@esbuild/win32-x64': 0.17.8
    dev: true

  /escape-html/1.0.3:
    resolution: {integrity: sha1-Aljq5NPQwJdN4cFpGI7wBR0dGYg=}
    dev: true

  /etag/1.8.1:
    resolution: {integrity: sha1-Qa4u62XvpiJorr/qg6x9eSmbCIc=}
    engines: {node: '>= 0.6'}
    dev: true

  /express/4.18.2:
    resolution: {integrity: sha1-P6vggpbpMMeWwZ48UWl5OGup/Vk=}
    engines: {node: '>= 0.10.0'}
    dependencies:
      accepts: 1.3.8
      array-flatten: 1.1.1
      body-parser: 1.20.1
      content-disposition: 0.5.4
      content-type: 1.0.5
      cookie: 0.5.0
      cookie-signature: 1.0.6
      debug: 2.6.9
      depd: 2.0.0
      encodeurl: 1.0.2
      escape-html: 1.0.3
      etag: 1.8.1
      finalhandler: 1.2.0
      fresh: 0.5.2
      http-errors: 2.0.0
      merge-descriptors: 1.0.1
      methods: 1.1.2
      on-finished: 2.4.1
      parseurl: 1.3.3
      path-to-regexp: 0.1.7
      proxy-addr: 2.0.7
      qs: 6.11.0
      range-parser: 1.2.1
      safe-buffer: 5.2.1
      send: 0.18.0
      serve-static: 1.15.0
      setprototypeof: 1.2.0
      statuses: 2.0.1
      type-is: 1.6.18
      utils-merge: 1.0.1
      vary: 1.1.2
    transitivePeerDependencies:
      - supports-color
    dev: true

  /finalhandler/1.2.0:
    resolution: {integrity: sha1-fSP+VzGyB7RkDk/NAK7B+SB6ezI=}
    engines: {node: '>= 0.8'}
    dependencies:
      debug: 2.6.9
      encodeurl: 1.0.2
      escape-html: 1.0.3
      on-finished: 2.4.1
      parseurl: 1.3.3
      statuses: 2.0.1
      unpipe: 1.0.0
    transitivePeerDependencies:
      - supports-color
    dev: true

  /forwarded/0.2.0:
    resolution: {integrity: sha1-ImmTZCiq1MFcfr6XeahL8LKoGBE=}
    engines: {node: '>= 0.6'}
    dev: true

  /fresh/0.5.2:
    resolution: {integrity: sha1-PYyt2Q2XZWn6g1qx+OSyOhBWBac=}
    engines: {node: '>= 0.6'}
    dev: true

  /fsevents/2.3.2:
    resolution: {integrity: sha1-ilJveLj99GI7cJ4Ll1xSwkwC/Ro=}
    engines: {node: ^8.16.0 || ^10.6.0 || >=11.0.0}
    os: [darwin]
    requiresBuild: true
    dev: true
    optional: true

  /function-bind/1.1.1:
    resolution: {integrity: sha1-pWiZ0+o8m6uHS7l3O3xe3pL0iV0=}
    dev: true

  /get-intrinsic/1.2.0:
    resolution: {integrity: sha1-etHcBTXzopBLugdXcnY+UFH20F8=}
    dependencies:
      function-bind: 1.1.1
      has: 1.0.3
      has-symbols: 1.0.3
    dev: true

  /get-tsconfig/4.4.0:
    resolution: {integrity: sha1-ZO7mRZZmioG4/OGEA/lPJF7g1OU=}
    dev: true

  /has-symbols/1.0.3:
    resolution: {integrity: sha1-u3ssQ0klHc6HsSX3vfh0qnyLOfg=}
    engines: {node: '>= 0.4'}
    dev: true

  /has/1.0.3:
    resolution: {integrity: sha1-ci18v8H2qoJB8W3YFOAR4fQeh5Y=}
    engines: {node: '>= 0.4.0'}
    dependencies:
      function-bind: 1.1.1
    dev: true

  /http-errors/2.0.0:
    resolution: {integrity: sha1-t3dKFIbvc892Z6ya4IWMASxXudM=}
    engines: {node: '>= 0.8'}
    dependencies:
      depd: 2.0.0
      inherits: 2.0.4
      setprototypeof: 1.2.0
      statuses: 2.0.1
      toidentifier: 1.0.1
    dev: true

  /iconv-lite/0.4.24:
    resolution: {integrity: sha1-ICK0sl+93CHS9SSXSkdKr+czkIs=}
    engines: {node: '>=0.10.0'}
    dependencies:
      safer-buffer: 2.1.2
    dev: true

  /inherits/2.0.4:
    resolution: {integrity: sha1-D6LGT5MpF8NDOg3tVTY6rjdBa3w=}
    dev: true

  /ipaddr.js/1.9.1:
    resolution: {integrity: sha1-v/OFQ+64mEglB5/zoqjmy9RngbM=}
    engines: {node: '>= 0.10'}
    dev: true

  /media-typer/0.3.0:
    resolution: {integrity: sha1-hxDXrwqmJvj/+hzgAWhUUmMlV0g=}
    engines: {node: '>= 0.6'}
    dev: true

  /merge-descriptors/1.0.1:
    resolution: {integrity: sha1-sAqqVW3YtEVoFQ7J0blT8/kMu2E=}
    dev: true

  /methods/1.1.2:
    resolution: {integrity: sha1-VSmk1nZUE07cxSZmVoNbD4Ua/O4=}
    engines: {node: '>= 0.6'}
    dev: true

  /mime-db/1.52.0:
    resolution: {integrity: sha1-u6vNwChZ9JhzAchW4zh85exDv3A=}
    engines: {node: '>= 0.6'}
    dev: true

  /mime-types/2.1.35:
    resolution: {integrity: sha1-OBqHG2KnNEUGYK497uRIE/cNlZo=}
    engines: {node: '>= 0.6'}
    dependencies:
      mime-db: 1.52.0
    dev: true

  /mime/1.6.0:
    resolution: {integrity: sha1-Ms2eXGRVO9WNGaVor0Uqz/BJgbE=}
    engines: {node: '>=4'}
    hasBin: true
    dev: true

  /ms/2.0.0:
    resolution: {integrity: sha1-VgiurfwAvmwpAd9fmGF4jeDVl8g=}
    dev: true

  /ms/2.1.3:
    resolution: {integrity: sha1-V0yBOM4dK1hh8LRFedut1gxmFbI=}
    dev: true

  /negotiator/0.6.3:
    resolution: {integrity: sha1-WOMjpy/twNb5zU0x/kn1FHlZDM0=}
    engines: {node: '>= 0.6'}
    dev: true

  /object-inspect/1.12.3:
    resolution: {integrity: sha1-umLf/WfuJWyMCG365p4BbNHxmLk=}
    dev: true

  /on-finished/2.4.1:
    resolution: {integrity: sha1-WMjEQRblSEWtV/FKsQsDUzGErD8=}
    engines: {node: '>= 0.8'}
    dependencies:
      ee-first: 1.1.1
    dev: true

  /parseurl/1.3.3:
    resolution: {integrity: sha1-naGee+6NEt/wUT7Vt2lXeTvC6NQ=}
    engines: {node: '>= 0.8'}
    dev: true

  /path-to-regexp/0.1.7:
    resolution: {integrity: sha1-32BBeABfUi8V60SQ5yR6G/qmf4w=}
    dev: true

  /prettier/2.8.4:
    resolution: {integrity: sha1-NN0llWKb+7edNErEqR/5SGlEY8M=}
    engines: {node: '>=10.13.0'}
    hasBin: true
    dev: true

  /proxy-addr/2.0.7:
    resolution: {integrity: sha1-8Z/mnOqzEe65S0LnDowgcPm6ECU=}
    engines: {node: '>= 0.10'}
    dependencies:
      forwarded: 0.2.0
      ipaddr.js: 1.9.1
    dev: true

  /qs/6.11.0:
    resolution: {integrity: sha1-/Q2WNEb3pl4TZ+AavYVClFPww3o=}
    engines: {node: '>=0.6'}
    dependencies:
      side-channel: 1.0.4
    dev: true

  /range-parser/1.2.1:
    resolution: {integrity: sha1-PPNwI9GZ4cJNGlW4SADC8+ZGgDE=}
    engines: {node: '>= 0.6'}
    dev: true

  /raw-body/2.5.1:
    resolution: {integrity: sha1-/hsWKLGBtwAhXl/UI4n5i3E5KFc=}
    engines: {node: '>= 0.8'}
    dependencies:
      bytes: 3.1.2
      http-errors: 2.0.0
      iconv-lite: 0.4.24
      unpipe: 1.0.0
    dev: true

  /safe-buffer/5.2.1:
    resolution: {integrity: sha1-Hq+fqb2x/dTsdfWPnNtOa3gn7sY=}
    dev: true

  /safer-buffer/2.1.2:
    resolution: {integrity: sha1-RPoWGwGHuVSd2Eu5GAL5vYOFzWo=}
    dev: true

  /send/0.18.0:
    resolution: {integrity: sha1-ZwFnzGVLBfWqSnZ/kRO7NxvHBr4=}
    engines: {node: '>= 0.8.0'}
    dependencies:
      debug: 2.6.9
      depd: 2.0.0
      destroy: 1.2.0
      encodeurl: 1.0.2
      escape-html: 1.0.3
      etag: 1.8.1
      fresh: 0.5.2
      http-errors: 2.0.0
      mime: 1.6.0
      ms: 2.1.3
      on-finished: 2.4.1
      range-parser: 1.2.1
      statuses: 2.0.1
    transitivePeerDependencies:
      - supports-color
    dev: true

  /serve-static/1.15.0:
    resolution: {integrity: sha1-+q7wjP/goaYvYMrQxOUTz/CslUA=}
    engines: {node: '>= 0.8.0'}
    dependencies:
      encodeurl: 1.0.2
      escape-html: 1.0.3
      parseurl: 1.3.3
      send: 0.18.0
    transitivePeerDependencies:
      - supports-color
    dev: true

  /setprototypeof/1.2.0:
    resolution: {integrity: sha1-ZsmiSnP5/CjL5msJ/tPTPcrxtCQ=}
    dev: true

  /side-channel/1.0.4:
    resolution: {integrity: sha1-785cj9wQTudRslxY1CkAEfpeos8=}
    dependencies:
      call-bind: 1.0.2
      get-intrinsic: 1.2.0
      object-inspect: 1.12.3
    dev: true

  /source-map-support/0.5.21:
    resolution: {integrity: sha1-BP58f54e0tZiIzwoyys1ufY/bk8=}
    dependencies:
      buffer-from: 1.1.2
      source-map: 0.6.1
    dev: true

  /source-map/0.6.1:
    resolution: {integrity: sha1-dHIq8y6WFOnCh6jQu95IteLxomM=}
    engines: {node: '>=0.10.0'}
    dev: true

  /statuses/2.0.1:
    resolution: {integrity: sha1-VcsADM8dSHKL0jxoWgY5mM8aG2M=}
    engines: {node: '>= 0.8'}
    dev: true

  /toidentifier/1.0.1:
    resolution: {integrity: sha1-O+NDIaiKgg7RvYDfqjPkefu43TU=}
    engines: {node: '>=0.6'}
    dev: true

  /tsx/3.12.3:
    resolution: {integrity: sha1-sp9skkbU4+pGRRzYHXy8mPRcS4o=}
    hasBin: true
    dependencies:
      '@esbuild-kit/cjs-loader': 2.4.2
      '@esbuild-kit/core-utils': 3.1.0
      '@esbuild-kit/esm-loader': 2.5.5
    optionalDependencies:
      fsevents: 2.3.2
    dev: true

  /type-is/1.6.18:
    resolution: {integrity: sha1-TlUs0F3wlGfcvE73Od6J8s83wTE=}
    engines: {node: '>= 0.6'}
    dependencies:
      media-typer: 0.3.0
      mime-types: 2.1.35
    dev: true

  /typescript/4.9.5:
    resolution: {integrity: sha1-CVl5+bzA0J2jJNWNA86Pg3TL5lo=}
    engines: {node: '>=4.2.0'}
    hasBin: true
    dev: true

  /unpipe/1.0.0:
    resolution: {integrity: sha1-sr9O6FFKrmFltIF4KdIbLvSZBOw=}
    engines: {node: '>= 0.8'}
    dev: true

  /utils-merge/1.0.1:
    resolution: {integrity: sha1-n5VxD1CiZ5R7LMwSR0HBAoQn5xM=}
    engines: {node: '>= 0.4.0'}
    dev: true

  /vary/1.1.2:
    resolution: {integrity: sha1-IpnwLG3tMNSllhsLn3RSShj2NPw=}
    engines: {node: '>= 0.8'}
    dev: true
